
Microsoft Visual Studio Solution File, Format Version 12.00
# Visual Studio Version 17
VisualStudioVersion = 17.11.35327.3
MinimumVisualStudioVersion = 10.0.40219.1
Project("{2150E333-8FDC-42A3-9474-1A3956D46DE8}") = "Modules", "Modules", "{7FDD13F8-0D50-4E17-A0BE-463F74861C64}"
EndProject
Project("{9A19103F-16F7-4668-BE54-9A1E7A4F7556}") = "Core", "Core\Core.csproj", "{6E9BDAED-0F0A-4B36-B02F-AD16C388082D}"
EndProject
Project("{9A19103F-16F7-4668-BE54-9A1E7A4F7556}") = "Core.Data", "Core.Data\Core.Data.csproj", "{5F8532E5-8EA9-4CF3-98CF-375E2AA56EBC}"
EndProject
Project("{2150E333-8FDC-42A3-9474-1A3956D46DE8}") = "Services", "Services", "{38DD6043-425A-47FC-BC08-BDCCD923EB80}"
EndProject
Project("{9A19103F-16F7-4668-BE54-9A1E7A4F7556}") = "Core.Head", "Core.Head\Core.Head.csproj", "{7CF2C8B4-0593-4AA3-ADF4-D71ACA5CE0CF}"
EndProject
Project("{2150E333-8FDC-42A3-9474-1A3956D46DE8}") = "PlayerHub", "PlayerHub", "{D4556D40-3CD7-4803-B27F-62A20C6716FF}"
EndProject
Project("{FAE04EC0-301F-11D3-BF4B-00C04F79EFBC}") = "PlayerHub.Domain", "PlayerHub.Domain\PlayerHub.Domain.csproj", "{8EEB9BBB-8FCA-4CB9-BF5C-243D83F329BC}"
EndProject
Project("{FAE04EC0-301F-11D3-BF4B-00C04F79EFBC}") = "PlayerHub.Application", "PlayerHub.Application\PlayerHub.Application.csproj", "{F2F33D96-A988-44C4-82DE-4507AA2DE818}"
EndProject
Project("{FAE04EC0-301F-11D3-BF4B-00C04F79EFBC}") = "PlayerHub.API", "PlayerHub.API\PlayerHub.API.csproj", "{07015396-608E-49CE-B828-77F0F4041CB7}"
EndProject
Project("{FAE04EC0-301F-11D3-BF4B-00C04F79EFBC}") = "PlayerHub.Data", "PlayerHub.Data\PlayerHub.Data.csproj", "{C4C995A7-651C-4A71-8138-92070F6EF350}"
EndProject
Project("{2150E333-8FDC-42A3-9474-1A3956D46DE8}") = "AuthGuard", "AuthGuard", "{05F4CFFD-378E-474B-91B3-967F2C4EBDDC}"
EndProject
Project("{FAE04EC0-301F-11D3-BF4B-00C04F79EFBC}") = "IdentityAuthGuard", "IdentityAuthGuard\IdentityAuthGuard.csproj", "{488FCEDE-A278-4336-8590-CF914A5B42E2}"
EndProject
Project("{2150E333-8FDC-42A3-9474-1A3956D46DE8}") = "PlayerWeb", "PlayerWeb", "{02EA681E-C7D8-13C7-8484-4AC65E1B71E8}"
EndProject
Project("{2150E333-8FDC-42A3-9474-1A3956D46DE8}") = "PlayerProducts", "PlayerProducts", "{B7B2B1CD-E441-41E0-9F75-51F040B66947}"
EndProject
Project("{FAE04EC0-301F-11D3-BF4B-00C04F79EFBC}") = "IdentityServiceAuthGuard", "IdentityServiceAuthGuard\IdentityServiceAuthGuard.csproj", "{1A1D845F-E8CE-4FF6-B549-CDC696AF1620}"
EndProject
Project("{FAE04EC0-301F-11D3-BF4B-00C04F79EFBC}") = "PlayerWeb.MVC", "PlayerWeb.MVC\PlayerWeb.MVC.csproj", "{EA6C9ED1-3FDC-41B0-8B00-3E2D42D2FD34}"
EndProject
Project("{FAE04EC0-301F-11D3-BF4B-00C04F79EFBC}") = "Core.Security", "Core.Security\Core.Security.csproj", "{8CDDC35B-9EDE-4641-8B3E-FC5DA37D2854}"
EndProject
Global
	GlobalSection(SolutionConfigurationPlatforms) = preSolution
		Debug|Any CPU = Debug|Any CPU
		Release|Any CPU = Release|Any CPU
	EndGlobalSection
	GlobalSection(ProjectConfigurationPlatforms) = postSolution
		{6E9BDAED-0F0A-4B36-B02F-AD16C388082D}.Debug|Any CPU.ActiveCfg = Debug|Any CPU
		{6E9BDAED-0F0A-4B36-B02F-AD16C388082D}.Debug|Any CPU.Build.0 = Debug|Any CPU
		{6E9BDAED-0F0A-4B36-B02F-AD16C388082D}.Release|Any CPU.ActiveCfg = Release|Any CPU
		{6E9BDAED-0F0A-4B36-B02F-AD16C388082D}.Release|Any CPU.Build.0 = Release|Any CPU
		{5F8532E5-8EA9-4CF3-98CF-375E2AA56EBC}.Debug|Any CPU.ActiveCfg = Debug|Any CPU
		{5F8532E5-8EA9-4CF3-98CF-375E2AA56EBC}.Debug|Any CPU.Build.0 = Debug|Any CPU
		{5F8532E5-8EA9-4CF3-98CF-375E2AA56EBC}.Release|Any CPU.ActiveCfg = Release|Any CPU
		{5F8532E5-8EA9-4CF3-98CF-375E2AA56EBC}.Release|Any CPU.Build.0 = Release|Any CPU
		{7CF2C8B4-0593-4AA3-ADF4-D71ACA5CE0CF}.Debug|Any CPU.ActiveCfg = Debug|Any CPU
		{7CF2C8B4-0593-4AA3-ADF4-D71ACA5CE0CF}.Debug|Any CPU.Build.0 = Debug|Any CPU
		{7CF2C8B4-0593-4AA3-ADF4-D71ACA5CE0CF}.Release|Any CPU.ActiveCfg = Release|Any CPU
		{7CF2C8B4-0593-4AA3-ADF4-D71ACA5CE0CF}.Release|Any CPU.Build.0 = Release|Any CPU
		{8EEB9BBB-8FCA-4CB9-BF5C-243D83F329BC}.Debug|Any CPU.ActiveCfg = Debug|Any CPU
		{8EEB9BBB-8FCA-4CB9-BF5C-243D83F329BC}.Debug|Any CPU.Build.0 = Debug|Any CPU
		{8EEB9BBB-8FCA-4CB9-BF5C-243D83F329BC}.Release|Any CPU.ActiveCfg = Release|Any CPU
		{8EEB9BBB-8FCA-4CB9-BF5C-243D83F329BC}.Release|Any CPU.Build.0 = Release|Any CPU
		{F2F33D96-A988-44C4-82DE-4507AA2DE818}.Debug|Any CPU.ActiveCfg = Debug|Any CPU
		{F2F33D96-A988-44C4-82DE-4507AA2DE818}.Debug|Any CPU.Build.0 = Debug|Any CPU
		{F2F33D96-A988-44C4-82DE-4507AA2DE818}.Release|Any CPU.ActiveCfg = Release|Any CPU
		{F2F33D96-A988-44C4-82DE-4507AA2DE818}.Release|Any CPU.Build.0 = Release|Any CPU
		{07015396-608E-49CE-B828-77F0F4041CB7}.Debug|Any CPU.ActiveCfg = Debug|Any CPU
		{07015396-608E-49CE-B828-77F0F4041CB7}.Debug|Any CPU.Build.0 = Debug|Any CPU
		{07015396-608E-49CE-B828-77F0F4041CB7}.Release|Any CPU.ActiveCfg = Release|Any CPU
		{07015396-608E-49CE-B828-77F0F4041CB7}.Release|Any CPU.Build.0 = Release|Any CPU
		{C4C995A7-651C-4A71-8138-92070F6EF350}.Debug|Any CPU.ActiveCfg = Debug|Any CPU
		{C4C995A7-651C-4A71-8138-92070F6EF350}.Debug|Any CPU.Build.0 = Debug|Any CPU
		{C4C995A7-651C-4A71-8138-92070F6EF350}.Release|Any CPU.ActiveCfg = Release|Any CPU
		{C4C995A7-651C-4A71-8138-92070F6EF350}.Release|Any CPU.Build.0 = Release|Any CPU
		{488FCEDE-A278-4336-8590-CF914A5B42E2}.Debug|Any CPU.ActiveCfg = Debug|Any CPU
		{488FCEDE-A278-4336-8590-CF914A5B42E2}.Debug|Any CPU.Build.0 = Debug|Any CPU
		{488FCEDE-A278-4336-8590-CF914A5B42E2}.Release|Any CPU.ActiveCfg = Release|Any CPU
		{488FCEDE-A278-4336-8590-CF914A5B42E2}.Release|Any CPU.Build.0 = Release|Any CPU
		{1A1D845F-E8CE-4FF6-B549-CDC696AF1620}.Debug|Any CPU.ActiveCfg = Debug|Any CPU
		{1A1D845F-E8CE-4FF6-B549-CDC696AF1620}.Debug|Any CPU.Build.0 = Debug|Any CPU
		{1A1D845F-E8CE-4FF6-B549-CDC696AF1620}.Release|Any CPU.ActiveCfg = Release|Any CPU
		{1A1D845F-E8CE-4FF6-B549-CDC696AF1620}.Release|Any CPU.Build.0 = Release|Any CPU
		{EA6C9ED1-3FDC-41B0-8B00-3E2D42D2FD34}.Debug|Any CPU.ActiveCfg = Debug|Any CPU
		{EA6C9ED1-3FDC-41B0-8B00-3E2D42D2FD34}.Debug|Any CPU.Build.0 = Debug|Any CPU
		{EA6C9ED1-3FDC-41B0-8B00-3E2D42D2FD34}.Release|Any CPU.ActiveCfg = Release|Any CPU
		{EA6C9ED1-3FDC-41B0-8B00-3E2D42D2FD34}.Release|Any CPU.Build.0 = Release|Any CPU
		{8CDDC35B-9EDE-4641-8B3E-FC5DA37D2854}.Debug|Any CPU.ActiveCfg = Debug|Any CPU
		{8CDDC35B-9EDE-4641-8B3E-FC5DA37D2854}.Debug|Any CPU.Build.0 = Debug|Any CPU
		{8CDDC35B-9EDE-4641-8B3E-FC5DA37D2854}.Release|Any CPU.ActiveCfg = Release|Any CPU
		{8CDDC35B-9EDE-4641-8B3E-FC5DA37D2854}.Release|Any CPU.Build.0 = Release|Any CPU
	EndGlobalSection
	GlobalSection(SolutionProperties) = preSolution
		HideSolutionNode = FALSE
	EndGlobalSection
	GlobalSection(NestedProjects) = preSolution
		{6E9BDAED-0F0A-4B36-B02F-AD16C388082D} = {7FDD13F8-0D50-4E17-A0BE-463F74861C64}
		{5F8532E5-8EA9-4CF3-98CF-375E2AA56EBC} = {7FDD13F8-0D50-4E17-A0BE-463F74861C64}
		{7CF2C8B4-0593-4AA3-ADF4-D71ACA5CE0CF} = {7FDD13F8-0D50-4E17-A0BE-463F74861C64}
		{D4556D40-3CD7-4803-B27F-62A20C6716FF} = {38DD6043-425A-47FC-BC08-BDCCD923EB80}
		{8EEB9BBB-8FCA-4CB9-BF5C-243D83F329BC} = {D4556D40-3CD7-4803-B27F-62A20C6716FF}
		{F2F33D96-A988-44C4-82DE-4507AA2DE818} = {D4556D40-3CD7-4803-B27F-62A20C6716FF}
		{07015396-608E-49CE-B828-77F0F4041CB7} = {D4556D40-3CD7-4803-B27F-62A20C6716FF}
		{C4C995A7-651C-4A71-8138-92070F6EF350} = {D4556D40-3CD7-4803-B27F-62A20C6716FF}
		{488FCEDE-A278-4336-8590-CF914A5B42E2} = {05F4CFFD-378E-474B-91B3-967F2C4EBDDC}
		{02EA681E-C7D8-13C7-8484-4AC65E1B71E8} = {38DD6043-425A-47FC-BC08-BDCCD923EB80}
		{B7B2B1CD-E441-41E0-9F75-51F040B66947} = {38DD6043-425A-47FC-BC08-BDCCD923EB80}
		{1A1D845F-E8CE-4FF6-B549-CDC696AF1620} = {05F4CFFD-378E-474B-91B3-967F2C4EBDDC}
		{EA6C9ED1-3FDC-41B0-8B00-3E2D42D2FD34} = {02EA681E-C7D8-13C7-8484-4AC65E1B71E8}
		{8CDDC35B-9EDE-4641-8B3E-FC5DA37D2854} = {7FDD13F8-0D50-4E17-A0BE-463F74861C64}
	EndGlobalSection
	GlobalSection(ExtensibilityGlobals) = postSolution
		SolutionGuid = {1B7B63D9-8927-44FC-9B18-B523A3834CA2}
	EndGlobalSection
EndGlobal
